
Microsoft Visual Studio Solution File, Format Version 12.00
# Visual Studio Version 17
VisualStudioVersion = 17.14.36301.6 d17.14
MinimumVisualStudioVersion = 10.0.40219.1
Project("{888888A0-9F3D-457C-B088-3A5042F75D52}") = "portfolio-simulator", "portfolio-simulator\portfolio-simulator.pyproj", "{976EE6FA-5C7C-48F4-848F-160A097C098A}"
EndProject
Global
	GlobalSection(SolutionConfigurationPlatforms) = preSolution
		Debug|Any CPU = Debug|Any CPU
		Release|Any CPU = Release|Any CPU
	EndGlobalSection
	GlobalSection(ProjectConfigurationPlatforms) = postSolution
		{976EE6FA-5C7C-48F4-848F-160A097C098A}.Debug|Any CPU.ActiveCfg = Debug|Any CPU
		{976EE6FA-5C7C-48F4-848F-160A097C098A}.Release|Any CPU.ActiveCfg = Release|Any CPU
	EndGlobalSection
	GlobalSection(SolutionProperties) = preSolution
		HideSolutionNode = FALSE
	EndGlobalSection
	GlobalSection(ExtensibilityGlobals) = postSolution
		SolutionGuid = {66E00750-2E3A-4E0B-B67B-725FC31C10B0}
	EndGlobalSection
EndGlobal
